
Microsoft Visual Studio Solution File, Format Version 12.00
# Visual Studio Version 17
VisualStudioVersion = 17.6.33723.286
MinimumVisualStudioVersion = 10.0.40219.1
Project("{8BC9CEB8-8B4A-11D0-8D11-00A0C91BC942}") = "VirtualProxy", "VirtualProxy.vcxproj", "{90403BE5-4E51-4AA8-88EA-C661E9161F2D}"
EndProject
Global
	GlobalSection(SolutionConfigurationPlatforms) = preSolution
		Debug|x64 = Debug|x64
		Debug|x86 = Debug|x86
		Release|x64 = Release|x64
		Release|x86 = Release|x86
	EndGlobalSection
	GlobalSection(ProjectConfigurationPlatforms) = postSolution
		{90403BE5-4E51-4AA8-88EA-C661E9161F2D}.Debug|x64.ActiveCfg = Debug|x64
		{90403BE5-4E51-4AA8-88EA-C661E9161F2D}.Debug|x64.Build.0 = Debug|x64
		{90403BE5-4E51-4AA8-88EA-C661E9161F2D}.Debug|x86.ActiveCfg = Debug|Win32
		{90403BE5-4E51-4AA8-88EA-C661E9161F2D}.Debug|x86.Build.0 = Debug|Win32
		{90403BE5-4E51-4AA8-88EA-C661E9161F2D}.Release|x64.ActiveCfg = Release|x64
		{90403BE5-4E51-4AA8-88EA-C661E9161F2D}.Release|x64.Build.0 = Release|x64
		{90403BE5-4E51-4AA8-88EA-C661E9161F2D}.Release|x86.ActiveCfg = Release|Win32
		{90403BE5-4E51-4AA8-88EA-C661E9161F2D}.Release|x86.Build.0 = Release|Win32
	EndGlobalSection
	GlobalSection(SolutionProperties) = preSolution
		HideSolutionNode = FALSE
	EndGlobalSection
	GlobalSection(ExtensibilityGlobals) = postSolution
		SolutionGuid = {EE34ECB1-D5EE-4C1B-811E-DE52D0CCA608}
	EndGlobalSection
EndGlobal
