
Microsoft Visual Studio Solution File, Format Version 12.00
# Visual Studio Version 17
VisualStudioVersion = 17.5.33516.290
MinimumVisualStudioVersion = 10.0.40219.1
Project("{8BC9CEB8-8B4A-11D0-8D11-00A0C91BC942}") = "NeuralNetwork", "NeuralNetwork.vcxproj", "{78BBBFAE-E80A-48F2-9B5A-2DBB985D4E55}"
EndProject
Global
	GlobalSection(SolutionConfigurationPlatforms) = preSolution
		Debug|x64 = Debug|x64
		Debug|x86 = Debug|x86
		Release|x64 = Release|x64
		Release|x86 = Release|x86
	EndGlobalSection
	GlobalSection(ProjectConfigurationPlatforms) = postSolution
		{78BBBFAE-E80A-48F2-9B5A-2DBB985D4E55}.Debug|x64.ActiveCfg = Debug|x64
		{78BBBFAE-E80A-48F2-9B5A-2DBB985D4E55}.Debug|x64.Build.0 = Debug|x64
		{78BBBFAE-E80A-48F2-9B5A-2DBB985D4E55}.Debug|x86.ActiveCfg = Debug|Win32
		{78BBBFAE-E80A-48F2-9B5A-2DBB985D4E55}.Debug|x86.Build.0 = Debug|Win32
		{78BBBFAE-E80A-48F2-9B5A-2DBB985D4E55}.Release|x64.ActiveCfg = Release|x64
		{78BBBFAE-E80A-48F2-9B5A-2DBB985D4E55}.Release|x64.Build.0 = Release|x64
		{78BBBFAE-E80A-48F2-9B5A-2DBB985D4E55}.Release|x86.ActiveCfg = Release|Win32
		{78BBBFAE-E80A-48F2-9B5A-2DBB985D4E55}.Release|x86.Build.0 = Release|Win32
	EndGlobalSection
	GlobalSection(SolutionProperties) = preSolution
		HideSolutionNode = FALSE
	EndGlobalSection
	GlobalSection(ExtensibilityGlobals) = postSolution
		SolutionGuid = {102F4AD7-55BD-460F-AE72-4B5BD7AFC3A0}
	EndGlobalSection
EndGlobal
